
Microsoft Visual Studio Solution File, Format Version 12.00
# Visual Studio Version 16
VisualStudioVersion = 16.0.29215.179
MinimumVisualStudioVersion = 10.0.40219.1
Project("{FAE04EC0-301F-11D3-BF4B-00C04F79EFBC}") = "TrabajoPractico1", "TrabajoPractico1\TrabajoPractico1.csproj", "{95730540-E0B2-4720-9FC8-490BF5425B9D}"
EndProject
Global
	GlobalSection(SolutionConfigurationPlatforms) = preSolution
		Debug|Any CPU = Debug|Any CPU
		Release|Any CPU = Release|Any CPU
	EndGlobalSection
	GlobalSection(ProjectConfigurationPlatforms) = postSolution
		{95730540-E0B2-4720-9FC8-490BF5425B9D}.Debug|Any CPU.ActiveCfg = Debug|Any CPU
		{95730540-E0B2-4720-9FC8-490BF5425B9D}.Debug|Any CPU.Build.0 = Debug|Any CPU
		{95730540-E0B2-4720-9FC8-490BF5425B9D}.Release|Any CPU.ActiveCfg = Release|Any CPU
		{95730540-E0B2-4720-9FC8-490BF5425B9D}.Release|Any CPU.Build.0 = Release|Any CPU
	EndGlobalSection
	GlobalSection(SolutionProperties) = preSolution
		HideSolutionNode = FALSE
	EndGlobalSection
	GlobalSection(ExtensibilityGlobals) = postSolution
		SolutionGuid = {B7F559FC-09BE-42BD-AB29-E1110FC8C583}
	EndGlobalSection
EndGlobal
